// !$*UTF8*$!
{
	archiveVersion = 1;
	classes = {
	};
	objectVersion = 46;
	objects = {

/* Begin PBXBuildFile section */
		52DF12861BFAA6A500316605 /* File.h in Headers */ = {isa = PBXBuildFile; fileRef = 52DF12851BFAA6A500316605 /* File.h */; settings = {ATTRIBUTES = (Public, ); }; };
		52DF128A1BFAA6A500316605 /* File.framework in Frameworks */ = {isa = PBXBuildFile; fileRef = 52DF12831BFAA6A500316605 /* File.framework */; };
		52DF128B1BFAA6A500316605 /* File.framework in Embed Frameworks */ = {isa = PBXBuildFile; fileRef = 52DF12831BFAA6A500316605 /* File.framework */; settings = {ATTRIBUTES = (CodeSignOnCopy, RemoveHeadersOnCopy, ); }; };
		52DF12901BFAA6AF00316605 /* File.swift in Sources */ = {isa = PBXBuildFile; fileRef = 52DF128F1BFAA6AF00316605 /* File.swift */; };
		52EB3BD51BFA8AD700444DA2 /* AES.swift in Sources */ = {isa = PBXBuildFile; fileRef = 52EB3BD41BFA8AD700444DA2 /* AES.swift */; };
		52F3D2F81BF9C89400BE120A /* AppDelegate.swift in Sources */ = {isa = PBXBuildFile; fileRef = 52F3D2F71BF9C89400BE120A /* AppDelegate.swift */; };
		52F3D2FA1BF9C89400BE120A /* FirstViewController.swift in Sources */ = {isa = PBXBuildFile; fileRef = 52F3D2F91BF9C89400BE120A /* FirstViewController.swift */; };
		52F3D2FC1BF9C89400BE120A /* SecondViewController.swift in Sources */ = {isa = PBXBuildFile; fileRef = 52F3D2FB1BF9C89400BE120A /* SecondViewController.swift */; };
		52F3D2FF1BF9C89400BE120A /* Main.storyboard in Resources */ = {isa = PBXBuildFile; fileRef = 52F3D2FD1BF9C89400BE120A /* Main.storyboard */; };
		52F3D3011BF9C89400BE120A /* Assets.xcassets in Resources */ = {isa = PBXBuildFile; fileRef = 52F3D3001BF9C89400BE120A /* Assets.xcassets */; };
		52F3D3041BF9C89400BE120A /* LaunchScreen.storyboard in Resources */ = {isa = PBXBuildFile; fileRef = 52F3D3021BF9C89400BE120A /* LaunchScreen.storyboard */; };
		52F3D32B1BF9CCC300BE120A /* Encryption.framework in Frameworks */ = {isa = PBXBuildFile; fileRef = 52F3D3241BF9CCC300BE120A /* Encryption.framework */; };
		52F3D32C1BF9CCC300BE120A /* Encryption.framework in Embed Frameworks */ = {isa = PBXBuildFile; fileRef = 52F3D3241BF9CCC300BE120A /* Encryption.framework */; settings = {ATTRIBUTES = (CodeSignOnCopy, RemoveHeadersOnCopy, ); }; };
		52F3D3311BF9CCDC00BE120A /* RSA.swift in Sources */ = {isa = PBXBuildFile; fileRef = 52F3D3301BF9CCDC00BE120A /* RSA.swift */; };
		C9894563314BF25DB86635C7 /* Pods.framework in Frameworks */ = {isa = PBXBuildFile; fileRef = 11FEE4254A998E59D2108056 /* Pods.framework */; };
/* End PBXBuildFile section */

/* Begin PBXContainerItemProxy section */
		52DF12881BFAA6A500316605 /* PBXContainerItemProxy */ = {
			isa = PBXContainerItemProxy;
			containerPortal = 52F3D2EC1BF9C89400BE120A /* Project object */;
			proxyType = 1;
			remoteGlobalIDString = 52DF12821BFAA6A500316605;
			remoteInfo = File;
		};
		52F3D3291BF9CCC300BE120A /* PBXContainerItemProxy */ = {
			isa = PBXContainerItemProxy;
			containerPortal = 52F3D2EC1BF9C89400BE120A /* Project object */;
			proxyType = 1;
			remoteGlobalIDString = 52F3D3231BF9CCC300BE120A;
			remoteInfo = Encryption;
		};
/* End PBXContainerItemProxy section */

/* Begin PBXCopyFilesBuildPhase section */
		52F3D31C1BF9CBAB00BE120A /* Embed Frameworks */ = {
			isa = PBXCopyFilesBuildPhase;
			buildActionMask = 2147483647;
			dstPath = "";
			dstSubfolderSpec = 10;
			files = (
				52DF128B1BFAA6A500316605 /* File.framework in Embed Frameworks */,
				52F3D32C1BF9CCC300BE120A /* Encryption.framework in Embed Frameworks */,
			);
			name = "Embed Frameworks";
			runOnlyForDeploymentPostprocessing = 0;
		};
/* End PBXCopyFilesBuildPhase section */

/* Begin PBXFileReference section */
		11FEE4254A998E59D2108056 /* Pods.framework */ = {isa = PBXFileReference; explicitFileType = wrapper.framework; includeInIndex = 0; path = Pods.framework; sourceTree = BUILT_PRODUCTS_DIR; };
		52DF12831BFAA6A500316605 /* File.framework */ = {isa = PBXFileReference; explicitFileType = wrapper.framework; includeInIndex = 0; path = File.framework; sourceTree = BUILT_PRODUCTS_DIR; };
		52DF12851BFAA6A500316605 /* File.h */ = {isa = PBXFileReference; lastKnownFileType = sourcecode.c.h; path = File.h; sourceTree = "<group>"; };
		52DF12871BFAA6A500316605 /* Info.plist */ = {isa = PBXFileReference; lastKnownFileType = text.plist.xml; path = Info.plist; sourceTree = "<group>"; };
		52DF128F1BFAA6AF00316605 /* File.swift */ = {isa = PBXFileReference; fileEncoding = 4; lastKnownFileType = sourcecode.swift; path = File.swift; sourceTree = "<group>"; };
		52EB3BD41BFA8AD700444DA2 /* AES.swift */ = {isa = PBXFileReference; fileEncoding = 4; lastKnownFileType = sourcecode.swift; path = AES.swift; sourceTree = "<group>"; };
		52F3D2F41BF9C89400BE120A /* iOS-FileCrypter.app */ = {isa = PBXFileReference; explicitFileType = wrapper.application; includeInIndex = 0; path = "iOS-FileCrypter.app"; sourceTree = BUILT_PRODUCTS_DIR; };
		52F3D2F71BF9C89400BE120A /* AppDelegate.swift */ = {isa = PBXFileReference; lastKnownFileType = sourcecode.swift; path = AppDelegate.swift; sourceTree = "<group>"; };
		52F3D2F91BF9C89400BE120A /* FirstViewController.swift */ = {isa = PBXFileReference; lastKnownFileType = sourcecode.swift; path = FirstViewController.swift; sourceTree = "<group>"; };
		52F3D2FB1BF9C89400BE120A /* SecondViewController.swift */ = {isa = PBXFileReference; lastKnownFileType = sourcecode.swift; path = SecondViewController.swift; sourceTree = "<group>"; };
		52F3D2FE1BF9C89400BE120A /* Base */ = {isa = PBXFileReference; lastKnownFileType = file.storyboard; name = Base; path = Base.lproj/Main.storyboard; sourceTree = "<group>"; };
		52F3D3001BF9C89400BE120A /* Assets.xcassets */ = {isa = PBXFileReference; lastKnownFileType = folder.assetcatalog; path = Assets.xcassets; sourceTree = "<group>"; };
		52F3D3031BF9C89400BE120A /* Base */ = {isa = PBXFileReference; lastKnownFileType = file.storyboard; name = Base; path = Base.lproj/LaunchScreen.storyboard; sourceTree = "<group>"; };
		52F3D3051BF9C89400BE120A /* Info.plist */ = {isa = PBXFileReference; lastKnownFileType = text.plist.xml; path = Info.plist; sourceTree = "<group>"; };
		52F3D3241BF9CCC300BE120A /* Encryption.framework */ = {isa = PBXFileReference; explicitFileType = wrapper.framework; includeInIndex = 0; path = Encryption.framework; sourceTree = BUILT_PRODUCTS_DIR; };
		52F3D3261BF9CCC300BE120A /* Encryption.h */ = {isa = PBXFileReference; lastKnownFileType = sourcecode.c.h; path = Encryption.h; sourceTree = "<group>"; };
		52F3D3281BF9CCC300BE120A /* Info.plist */ = {isa = PBXFileReference; lastKnownFileType = text.plist.xml; path = Info.plist; sourceTree = "<group>"; };
		52F3D3301BF9CCDC00BE120A /* RSA.swift */ = {isa = PBXFileReference; fileEncoding = 4; lastKnownFileType = sourcecode.swift; path = RSA.swift; sourceTree = "<group>"; };
		5C94F4B761FE70D3B02BA7F1 /* Pods.debug.xcconfig */ = {isa = PBXFileReference; includeInIndex = 1; lastKnownFileType = text.xcconfig; name = Pods.debug.xcconfig; path = "Pods/Target Support Files/Pods/Pods.debug.xcconfig"; sourceTree = "<group>"; };
		74E95BFC7E995A667043C3A9 /* Pods.release.xcconfig */ = {isa = PBXFileReference; includeInIndex = 1; lastKnownFileType = text.xcconfig; name = Pods.release.xcconfig; path = "Pods/Target Support Files/Pods/Pods.release.xcconfig"; sourceTree = "<group>"; };
/* End PBXFileReference section */

/* Begin PBXFrameworksBuildPhase section */
		52DF127F1BFAA6A500316605 /* Frameworks */ = {
			isa = PBXFrameworksBuildPhase;
			buildActionMask = 2147483647;
			files = (
			);
			runOnlyForDeploymentPostprocessing = 0;
		};
		52F3D2F11BF9C89400BE120A /* Frameworks */ = {
			isa = PBXFrameworksBuildPhase;
			buildActionMask = 2147483647;
			files = (
				C9894563314BF25DB86635C7 /* Pods.framework in Frameworks */,
				52F3D32B1BF9CCC300BE120A /* Encryption.framework in Frameworks */,
				52DF128A1BFAA6A500316605 /* File.framework in Frameworks */,
			);
			runOnlyForDeploymentPostprocessing = 0;
		};
		52F3D3201BF9CCC300BE120A /* Frameworks */ = {
			isa = PBXFrameworksBuildPhase;
			buildActionMask = 2147483647;
			files = (
			);
			runOnlyForDeploymentPostprocessing = 0;
		};
/* End PBXFrameworksBuildPhase section */

/* Begin PBXGroup section */
		52DF12841BFAA6A500316605 /* File */ = {
			isa = PBXGroup;
			children = (
				52DF12851BFAA6A500316605 /* File.h */,
				52DF12871BFAA6A500316605 /* Info.plist */,
				52DF128F1BFAA6AF00316605 /* File.swift */,
			);
			path = File;
			sourceTree = "<group>";
		};
		52F3D2EB1BF9C89400BE120A = {
			isa = PBXGroup;
			children = (
				52F3D2F61BF9C89400BE120A /* iOS-FileCrypter */,
				52F3D3251BF9CCC300BE120A /* Encryption */,
				52DF12841BFAA6A500316605 /* File */,
				52F3D2F51BF9C89400BE120A /* Products */,
				B8EFFAD284624C070C055BEA /* Pods */,
				666E2631CEF0B2DC9DF44E26 /* Frameworks */,
			);
			sourceTree = "<group>";
		};
		52F3D2F51BF9C89400BE120A /* Products */ = {
			isa = PBXGroup;
			children = (
				52F3D2F41BF9C89400BE120A /* iOS-FileCrypter.app */,
				52F3D3241BF9CCC300BE120A /* Encryption.framework */,
				52DF12831BFAA6A500316605 /* File.framework */,
			);
			name = Products;
			sourceTree = "<group>";
		};
		52F3D2F61BF9C89400BE120A /* iOS-FileCrypter */ = {
			isa = PBXGroup;
			children = (
				52F3D2F71BF9C89400BE120A /* AppDelegate.swift */,
				52F3D2F91BF9C89400BE120A /* FirstViewController.swift */,
				52F3D2FB1BF9C89400BE120A /* SecondViewController.swift */,
				52F3D2FD1BF9C89400BE120A /* Main.storyboard */,
				52F3D3001BF9C89400BE120A /* Assets.xcassets */,
				52F3D3021BF9C89400BE120A /* LaunchScreen.storyboard */,
				52F3D3051BF9C89400BE120A /* Info.plist */,
			);
			path = "iOS-FileCrypter";
			sourceTree = "<group>";
		};
		52F3D3251BF9CCC300BE120A /* Encryption */ = {
			isa = PBXGroup;
			children = (
				52F3D3261BF9CCC300BE120A /* Encryption.h */,
				52F3D3281BF9CCC300BE120A /* Info.plist */,
				52F3D3301BF9CCDC00BE120A /* RSA.swift */,
				52EB3BD41BFA8AD700444DA2 /* AES.swift */,
			);
			path = Encryption;
			sourceTree = "<group>";
		};
		666E2631CEF0B2DC9DF44E26 /* Frameworks */ = {
			isa = PBXGroup;
			children = (
				11FEE4254A998E59D2108056 /* Pods.framework */,
			);
			name = Frameworks;
			sourceTree = "<group>";
		};
		B8EFFAD284624C070C055BEA /* Pods */ = {
			isa = PBXGroup;
			children = (
				5C94F4B761FE70D3B02BA7F1 /* Pods.debug.xcconfig */,
				74E95BFC7E995A667043C3A9 /* Pods.release.xcconfig */,
			);
			name = Pods;
			sourceTree = "<group>";
		};
/* End PBXGroup section */

/* Begin PBXHeadersBuildPhase section */
		52DF12801BFAA6A500316605 /* Headers */ = {
			isa = PBXHeadersBuildPhase;
			buildActionMask = 2147483647;
			files = (
				52DF12861BFAA6A500316605 /* File.h in Headers */,
			);
			runOnlyForDeploymentPostprocessing = 0;
		};
		52F3D3211BF9CCC300BE120A /* Headers */ = {
			isa = PBXHeadersBuildPhase;
			buildActionMask = 2147483647;
			files = (
			);
			runOnlyForDeploymentPostprocessing = 0;
		};
/* End PBXHeadersBuildPhase section */

/* Begin PBXNativeTarget section */
		52DF12821BFAA6A500316605 /* File */ = {
			isa = PBXNativeTarget;
			buildConfigurationList = 52DF128C1BFAA6A500316605 /* Build configuration list for PBXNativeTarget "File" */;
			buildPhases = (
				52DF127E1BFAA6A500316605 /* Sources */,
				52DF127F1BFAA6A500316605 /* Frameworks */,
				52DF12801BFAA6A500316605 /* Headers */,
				52DF12811BFAA6A500316605 /* Resources */,
			);
			buildRules = (
			);
			dependencies = (
			);
			name = File;
			productName = File;
			productReference = 52DF12831BFAA6A500316605 /* File.framework */;
			productType = "com.apple.product-type.framework";
		};
		52F3D2F31BF9C89400BE120A /* iOS-FileCrypter */ = {
			isa = PBXNativeTarget;
			buildConfigurationList = 52F3D3081BF9C89400BE120A /* Build configuration list for PBXNativeTarget "iOS-FileCrypter" */;
			buildPhases = (
				3388FDD862CE195386436EC1 /* Check Pods Manifest.lock */,
				52F3D2F01BF9C89400BE120A /* Sources */,
				52F3D2F11BF9C89400BE120A /* Frameworks */,
				52F3D2F21BF9C89400BE120A /* Resources */,
				36054F5B3B5869DF84925DB7 /* Embed Pods Frameworks */,
				CF6C7B9A74A4C9933234D927 /* Copy Pods Resources */,
				52F3D31C1BF9CBAB00BE120A /* Embed Frameworks */,
			);
			buildRules = (
			);
			dependencies = (
				52F3D32A1BF9CCC300BE120A /* PBXTargetDependency */,
				52DF12891BFAA6A500316605 /* PBXTargetDependency */,
			);
			name = "iOS-FileCrypter";
			productName = "iOS-FileCrypter";
			productReference = 52F3D2F41BF9C89400BE120A /* iOS-FileCrypter.app */;
			productType = "com.apple.product-type.application";
		};
		52F3D3231BF9CCC300BE120A /* Encryption */ = {
			isa = PBXNativeTarget;
			buildConfigurationList = 52F3D32D1BF9CCC300BE120A /* Build configuration list for PBXNativeTarget "Encryption" */;
			buildPhases = (
				52F3D31F1BF9CCC300BE120A /* Sources */,
				52F3D3201BF9CCC300BE120A /* Frameworks */,
				52F3D3211BF9CCC300BE120A /* Headers */,
				52F3D3221BF9CCC300BE120A /* Resources */,
			);
			buildRules = (
			);
			dependencies = (
			);
			name = Encryption;
			productName = Encryption;
			productReference = 52F3D3241BF9CCC300BE120A /* Encryption.framework */;
			productType = "com.apple.product-type.framework";
		};
/* End PBXNativeTarget section */

/* Begin PBXProject section */
		52F3D2EC1BF9C89400BE120A /* Project object */ = {
			isa = PBXProject;
			attributes = {
				LastSwiftUpdateCheck = 0710;
				LastUpgradeCheck = 0710;
				ORGANIZATIONNAME = air;
				TargetAttributes = {
					52DF12821BFAA6A500316605 = {
						CreatedOnToolsVersion = 7.1.1;
					};
					52F3D2F31BF9C89400BE120A = {
						CreatedOnToolsVersion = 7.1.1;
					};
					52F3D3231BF9CCC300BE120A = {
						CreatedOnToolsVersion = 7.1.1;
					};
				};
			};
			buildConfigurationList = 52F3D2EF1BF9C89400BE120A /* Build configuration list for PBXProject "iOS-FileCrypter" */;
			compatibilityVersion = "Xcode 3.2";
			developmentRegion = English;
			hasScannedForEncodings = 0;
			knownRegions = (
				en,
				Base,
			);
			mainGroup = 52F3D2EB1BF9C89400BE120A;
			productRefGroup = 52F3D2F51BF9C89400BE120A /* Products */;
			projectDirPath = "";
			projectRoot = "";
			targets = (
				52F3D2F31BF9C89400BE120A /* iOS-FileCrypter */,
				52F3D3231BF9CCC300BE120A /* Encryption */,
				52DF12821BFAA6A500316605 /* File */,
			);
		};
/* End PBXProject section */

/* Begin PBXResourcesBuildPhase section */
		52DF12811BFAA6A500316605 /* Resources */ = {
			isa = PBXResourcesBuildPhase;
			buildActionMask = 2147483647;
			files = (
			);
			runOnlyForDeploymentPostprocessing = 0;
		};
		52F3D2F21BF9C89400BE120A /* Resources */ = {
			isa = PBXResourcesBuildPhase;
			buildActionMask = 2147483647;
			files = (
				52F3D3041BF9C89400BE120A /* LaunchScreen.storyboard in Resources */,
				52F3D3011BF9C89400BE120A /* Assets.xcassets in Resources */,
				52F3D2FF1BF9C89400BE120A /* Main.storyboard in Resources */,
			);
			runOnlyForDeploymentPostprocessing = 0;
		};
		52F3D3221BF9CCC300BE120A /* Resources */ = {
			isa = PBXResourcesBuildPhase;
			buildActionMask = 2147483647;
			files = (
			);
			runOnlyForDeploymentPostprocessing = 0;
		};
/* End PBXResourcesBuildPhase section */

/* Begin PBXShellScriptBuildPhase section */
		3388FDD862CE195386436EC1 /* Check Pods Manifest.lock */ = {
			isa = PBXShellScriptBuildPhase;
			buildActionMask = 2147483647;
			files = (
			);
			inputPaths = (
			);
			name = "Check Pods Manifest.lock";
			outputPaths = (
			);
			runOnlyForDeploymentPostprocessing = 0;
			shellPath = /bin/sh;
			shellScript = "diff \"${PODS_ROOT}/../Podfile.lock\" \"${PODS_ROOT}/Manifest.lock\" > /dev/null\nif [[ $? != 0 ]] ; then\n    cat << EOM\nerror: The sandbox is not in sync with the Podfile.lock. Run 'pod install' or update your CocoaPods installation.\nEOM\n    exit 1\nfi\n";
			showEnvVarsInLog = 0;
		};
		36054F5B3B5869DF84925DB7 /* Embed Pods Frameworks */ = {
			isa = PBXShellScriptBuildPhase;
			buildActionMask = 2147483647;
			files = (
			);
			inputPaths = (
			);
			name = "Embed Pods Frameworks";
			outputPaths = (
			);
			runOnlyForDeploymentPostprocessing = 0;
			shellPath = /bin/sh;
			shellScript = "\"${SRCROOT}/Pods/Target Support Files/Pods/Pods-frameworks.sh\"\n";
			showEnvVarsInLog = 0;
		};
		CF6C7B9A74A4C9933234D927 /* Copy Pods Resources */ = {
			isa = PBXShellScriptBuildPhase;
			buildActionMask = 2147483647;
			files = (
			);
			inputPaths = (
			);
			name = "Copy Pods Resources";
			outputPaths = (
			);
			runOnlyForDeploymentPostprocessing = 0;
			shellPath = /bin/sh;
			shellScript = "\"${SRCROOT}/Pods/Target Support Files/Pods/Pods-resources.sh\"\n";
			showEnvVarsInLog = 0;
		};
/* End PBXShellScriptBuildPhase section */

/* Begin PBXSourcesBuildPhase section */
		52DF127E1BFAA6A500316605 /* Sources */ = {
			isa = PBXSourcesBuildPhase;
			buildActionMask = 2147483647;
			files = (
				52DF12901BFAA6AF00316605 /* File.swift in Sources */,
			);
			runOnlyForDeploymentPostprocessing = 0;
		};
		52F3D2F01BF9C89400BE120A /* Sources */ = {
			isa = PBXSourcesBuildPhase;
			buildActionMask = 2147483647;
			files = (
				52F3D2FC1BF9C89400BE120A /* SecondViewController.swift in Sources */,
				52F3D2F81BF9C89400BE120A /* AppDelegate.swift in Sources */,
				52F3D2FA1BF9C89400BE120A /* FirstViewController.swift in Sources */,
			);
			runOnlyForDeploymentPostprocessing = 0;
		};
		52F3D31F1BF9CCC300BE120A /* Sources */ = {
			isa = PBXSourcesBuildPhase;
			buildActionMask = 2147483647;
			files = (
				52F3D3311BF9CCDC00BE120A /* RSA.swift in Sources */,
				52EB3BD51BFA8AD700444DA2 /* AES.swift in Sources */,
			);
			runOnlyForDeploymentPostprocessing = 0;
		};
/* End PBXSourcesBuildPhase section */

/* Begin PBXTargetDependency section */
		52DF12891BFAA6A500316605 /* PBXTargetDependency */ = {
			isa = PBXTargetDependency;
			target = 52DF12821BFAA6A500316605 /* File */;
			targetProxy = 52DF12881BFAA6A500316605 /* PBXContainerItemProxy */;
		};
		52F3D32A1BF9CCC300BE120A /* PBXTargetDependency */ = {
			isa = PBXTargetDependency;
			target = 52F3D3231BF9CCC300BE120A /* Encryption */;
			targetProxy = 52F3D3291BF9CCC300BE120A /* PBXContainerItemProxy */;
		};
/* End PBXTargetDependency section */

/* Begin PBXVariantGroup section */
		52F3D2FD1BF9C89400BE120A /* Main.storyboard */ = {
			isa = PBXVariantGroup;
			children = (
				52F3D2FE1BF9C89400BE120A /* Base */,
			);
			name = Main.storyboard;
			sourceTree = "<group>";
		};
		52F3D3021BF9C89400BE120A /* LaunchScreen.storyboard */ = {
			isa = PBXVariantGroup;
			children = (
				52F3D3031BF9C89400BE120A /* Base */,
			);
			name = LaunchScreen.storyboard;
			sourceTree = "<group>";
		};
/* End PBXVariantGroup section */

/* Begin XCBuildConfiguration section */
		52DF128D1BFAA6A500316605 /* Debug */ = {
			isa = XCBuildConfiguration;
			buildSettings = {
				CLANG_ENABLE_MODULES = YES;
				CURRENT_PROJECT_VERSION = 1;
				DEFINES_MODULE = YES;
				DYLIB_COMPATIBILITY_VERSION = 1;
				DYLIB_CURRENT_VERSION = 1;
				DYLIB_INSTALL_NAME_BASE = "@rpath";
				INFOPLIST_FILE = File/Info.plist;
				INSTALL_PATH = "$(LOCAL_LIBRARY_DIR)/Frameworks";
				LD_RUNPATH_SEARCH_PATHS = "$(inherited) @executable_path/Frameworks @loader_path/Frameworks";
				PRODUCT_BUNDLE_IDENTIFIER = air.foi.File;
				PRODUCT_NAME = "$(TARGET_NAME)";
				SKIP_INSTALL = YES;
				SWIFT_OPTIMIZATION_LEVEL = "-Onone";
				VERSIONING_SYSTEM = "apple-generic";
				VERSION_INFO_PREFIX = "";
			};
			name = Debug;
		};
		52DF128E1BFAA6A500316605 /* Release */ = {
			isa = XCBuildConfiguration;
			buildSettings = {
				CLANG_ENABLE_MODULES = YES;
				CURRENT_PROJECT_VERSION = 1;
				DEFINES_MODULE = YES;
				DYLIB_COMPATIBILITY_VERSION = 1;
				DYLIB_CURRENT_VERSION = 1;
				DYLIB_INSTALL_NAME_BASE = "@rpath";
				INFOPLIST_FILE = File/Info.plist;
				INSTALL_PATH = "$(LOCAL_LIBRARY_DIR)/Frameworks";
				LD_RUNPATH_SEARCH_PATHS = "$(inherited) @executable_path/Frameworks @loader_path/Frameworks";
				PRODUCT_BUNDLE_IDENTIFIER = air.foi.File;
				PRODUCT_NAME = "$(TARGET_NAME)";
				SKIP_INSTALL = YES;
				VERSIONING_SYSTEM = "apple-generic";
				VERSION_INFO_PREFIX = "";
			};
			name = Release;
		};
		52F3D3061BF9C89400BE120A /* Debug */ = {
			isa = XCBuildConfiguration;
			buildSettings = {
				ALWAYS_SEARCH_USER_PATHS = NO;
				CLANG_CXX_LANGUAGE_STANDARD = "gnu++0x";
				CLANG_CXX_LIBRARY = "libc++";
				CLANG_ENABLE_MODULES = YES;
				CLANG_ENABLE_OBJC_ARC = YES;
				CLANG_WARN_BOOL_CONVERSION = YES;
				CLANG_WARN_CONSTANT_CONVERSION = YES;
				CLANG_WARN_DIRECT_OBJC_ISA_USAGE = YES_ERROR;
				CLANG_WARN_EMPTY_BODY = YES;
				CLANG_WARN_ENUM_CONVERSION = YES;
				CLANG_WARN_INT_CONVERSION = YES;
				CLANG_WARN_OBJC_ROOT_CLASS = YES_ERROR;
				CLANG_WARN_UNREACHABLE_CODE = YES;
				CLANG_WARN__DUPLICATE_METHOD_MATCH = YES;
				"CODE_SIGN_IDENTITY[sdk=iphoneos*]" = "iPhone Developer";
				COPY_PHASE_STRIP = NO;
				DEBUG_INFORMATION_FORMAT = dwarf;
				ENABLE_STRICT_OBJC_MSGSEND = YES;
				ENABLE_TESTABILITY = YES;
				GCC_C_LANGUAGE_STANDARD = gnu99;
				GCC_DYNAMIC_NO_PIC = NO;
				GCC_NO_COMMON_BLOCKS = YES;
				GCC_OPTIMIZATION_LEVEL = 0;
				GCC_PREPROCESSOR_DEFINITIONS = (
					"DEBUG=1",
					"$(inherited)",
				);
				GCC_WARN_64_TO_32_BIT_CONVERSION = YES;
				GCC_WARN_ABOUT_RETURN_TYPE = YES_ERROR;
				GCC_WARN_UNDECLARED_SELECTOR = YES;
				GCC_WARN_UNINITIALIZED_AUTOS = YES_AGGRESSIVE;
				GCC_WARN_UNUSED_FUNCTION = YES;
				GCC_WARN_UNUSED_VARIABLE = YES;
				IPHONEOS_DEPLOYMENT_TARGET = 9.1;
				MTL_ENABLE_DEBUG_INFO = YES;
				ONLY_ACTIVE_ARCH = YES;
				SDKROOT = iphoneos;
				SWIFT_OPTIMIZATION_LEVEL = "-Onone";
				TARGETED_DEVICE_FAMILY = "1,2";
			};
			name = Debug;
		};
		52F3D3071BF9C89400BE120A /* Release */ = {
			isa = XCBuildConfiguration;
			buildSettings = {
				ALWAYS_SEARCH_USER_PATHS = NO;
				CLANG_CXX_LANGUAGE_STANDARD = "gnu++0x";
				CLANG_CXX_LIBRARY = "libc++";
				CLANG_ENABLE_MODULES = YES;
				CLANG_ENABLE_OBJC_ARC = YES;
				CLANG_WARN_BOOL_CONVERSION = YES;
				CLANG_WARN_CONSTANT_CONVERSION = YES;
				CLANG_WARN_DIRECT_OBJC_ISA_USAGE = YES_ERROR;
				CLANG_WARN_EMPTY_BODY = YES;
				CLANG_WARN_ENUM_CONVERSION = YES;
				CLANG_WARN_INT_CONVERSION = YES;
				CLANG_WARN_OBJC_ROOT_CLASS = YES_ERROR;
				CLANG_WARN_UNREACHABLE_CODE = YES;
				CLANG_WARN__DUPLICATE_METHOD_MATCH = YES;
				"CODE_SIGN_IDENTITY[sdk=iphoneos*]" = "iPhone Developer";
				COPY_PHASE_STRIP = NO;
				DEBUG_INFORMATION_FORMAT = "dwarf-with-dsym";
				ENABLE_NS_ASSERTIONS = NO;
				ENABLE_STRICT_OBJC_MSGSEND = YES;
				GCC_C_LANGUAGE_STANDARD = gnu99;
				GCC_NO_COMMON_BLOCKS = YES;
				GCC_WARN_64_TO_32_BIT_CONVERSION = YES;
				GCC_WARN_ABOUT_RETURN_TYPE = YES_ERROR;
				GCC_WARN_UNDECLARED_SELECTOR = YES;
				GCC_WARN_UNINITIALIZED_AUTOS = YES_AGGRESSIVE;
				GCC_WARN_UNUSED_FUNCTION = YES;
				GCC_WARN_UNUSED_VARIABLE = YES;
				IPHONEOS_DEPLOYMENT_TARGET = 9.1;
				MTL_ENABLE_DEBUG_INFO = NO;
				SDKROOT = iphoneos;
				TARGETED_DEVICE_FAMILY = "1,2";
				VALIDATE_PRODUCT = YES;
			};
			name = Release;
		};
		52F3D3091BF9C89400BE120A /* Debug */ = {
			isa = XCBuildConfiguration;
			baseConfigurationReference = 5C94F4B761FE70D3B02BA7F1 /* Pods.debug.xcconfig */;
			buildSettings = {
				ASSETCATALOG_COMPILER_APPICON_NAME = AppIcon;
				EMBEDDED_CONTENT_CONTAINS_SWIFT = YES;
				INFOPLIST_FILE = "iOS-FileCrypter/Info.plist";
				LD_RUNPATH_SEARCH_PATHS = "$(inherited) @executable_path/Frameworks";
				PRODUCT_BUNDLE_IDENTIFIER = "air.foi.iOS-FileCrypter";
				PRODUCT_NAME = "$(TARGET_NAME)";
			};
			name = Debug;
		};
		52F3D30A1BF9C89400BE120A /* Release */ = {
			isa = XCBuildConfiguration;
			baseConfigurationReference = 74E95BFC7E995A667043C3A9 /* Pods.release.xcconfig */;
			buildSettings = {
				ASSETCATALOG_COMPILER_APPICON_NAME = AppIcon;
				EMBEDDED_CONTENT_CONTAINS_SWIFT = YES;
				INFOPLIST_FILE = "iOS-FileCrypter/Info.plist";
				LD_RUNPATH_SEARCH_PATHS = "$(inherited) @executable_path/Frameworks";
				PRODUCT_BUNDLE_IDENTIFIER = "air.foi.iOS-FileCrypter";
				PRODUCT_NAME = "$(TARGET_NAME)";
			};
			name = Release;
		};
		52F3D32E1BF9CCC300BE120A /* Debug */ = {
			isa = XCBuildConfiguration;
			buildSettings = {
				CLANG_ENABLE_MODULES = YES;
				CURRENT_PROJECT_VERSION = 1;
				DEFINES_MODULE = YES;
				DYLIB_COMPATIBILITY_VERSION = 1;
				DYLIB_CURRENT_VERSION = 1;
				DYLIB_INSTALL_NAME_BASE = "@rpath";
				INFOPLIST_FILE = Encryption/Info.plist;
				INSTALL_PATH = "$(LOCAL_LIBRARY_DIR)/Frameworks";
				LD_RUNPATH_SEARCH_PATHS = "$(inherited) @executable_path/Frameworks @loader_path/Frameworks";
				PRODUCT_BUNDLE_IDENTIFIER = air.foi.Encryption;
				PRODUCT_NAME = "$(TARGET_NAME)";
				SKIP_INSTALL = YES;
				SWIFT_OPTIMIZATION_LEVEL = "-Onone";
				VERSIONING_SYSTEM = "apple-generic";
				VERSION_INFO_PREFIX = "";
			};
			name = Debug;
		};
		52F3D32F1BF9CCC300BE120A /* Release */ = {
			isa = XCBuildConfiguration;
			buildSettings = {
				CLANG_ENABLE_MODULES = YES;
				CURRENT_PROJECT_VERSION = 1;
				DEFINES_MODULE = YES;
				DYLIB_COMPATIBILITY_VERSION = 1;
				DYLIB_CURRENT_VERSION = 1;
				DYLIB_INSTALL_NAME_BASE = "@rpath";
				INFOPLIST_FILE = Encryption/Info.plist;
				INSTALL_PATH = "$(LOCAL_LIBRARY_DIR)/Frameworks";
				LD_RUNPATH_SEARCH_PATHS = "$(inherited) @executable_path/Frameworks @loader_path/Frameworks";
				PRODUCT_BUNDLE_IDENTIFIER = air.foi.Encryption;
				PRODUCT_NAME = "$(TARGET_NAME)";
				SKIP_INSTALL = YES;
				VERSIONING_SYSTEM = "apple-generic";
				VERSION_INFO_PREFIX = "";
			};
			name = Release;
		};
/* End XCBuildConfiguration section */

/* Begin XCConfigurationList section */
		52DF128C1BFAA6A500316605 /* Build configuration list for PBXNativeTarget "File" */ = {
			isa = XCConfigurationList;
			buildConfigurations = (
				52DF128D1BFAA6A500316605 /* Debug */,
				52DF128E1BFAA6A500316605 /* Release */,
			);
			defaultConfigurationIsVisible = 0;
		};
		52F3D2EF1BF9C89400BE120A /* Build configuration list for PBXProject "iOS-FileCrypter" */ = {
			isa = XCConfigurationList;
			buildConfigurations = (
				52F3D3061BF9C89400BE120A /* Debug */,
				52F3D3071BF9C89400BE120A /* Release */,
			);
			defaultConfigurationIsVisible = 0;
			defaultConfigurationName = Release;
		};
		52F3D3081BF9C89400BE120A /* Build configuration list for PBXNativeTarget "iOS-FileCrypter" */ = {
			isa = XCConfigurationList;
			buildConfigurations = (
				52F3D3091BF9C89400BE120A /* Debug */,
				52F3D30A1BF9C89400BE120A /* Release */,
			);
			defaultConfigurationIsVisible = 0;
			defaultConfigurationName = Release;
		};
		52F3D32D1BF9CCC300BE120A /* Build configuration list for PBXNativeTarget "Encryption" */ = {
			isa = XCConfigurationList;
			buildConfigurations = (
				52F3D32E1BF9CCC300BE120A /* Debug */,
				52F3D32F1BF9CCC300BE120A /* Release */,
			);
			defaultConfigurationIsVisible = 0;
			defaultConfigurationName = Release;
		};
/* End XCConfigurationList section */
	};
	rootObject = 52F3D2EC1BF9C89400BE120A /* Project object */;
}
